
Microsoft Visual Studio Solution File, Format Version 12.00
# Visual Studio Version 17
VisualStudioVersion = 17.10.35201.131
MinimumVisualStudioVersion = 10.0.40219.1
Project("{2150E333-8FDC-42A3-9474-1A3956D46DE8}") = "Bootstrapper", "Bootstrapper", "{00D72EE9-60D3-4E8C-8D62-2903821B1B53}"
EndProject
Project("{2150E333-8FDC-42A3-9474-1A3956D46DE8}") = "Modules", "Modules", "{2CDFE0CA-1E0B-4BFF-8524-ADC40BB366AC}"
EndProject
Project("{2150E333-8FDC-42A3-9474-1A3956D46DE8}") = "Shared", "Shared", "{0142B0CE-8551-492A-A54C-B9F3DD34B560}"
EndProject
Project("{9A19103F-16F7-4668-BE54-9A1E7A4F7556}") = "Api", "Bootstrapper\Api\Api.csproj", "{5BEA97BD-B2F3-437C-8482-92C5F27CDEA6}"
EndProject
Project("{2150E333-8FDC-42A3-9474-1A3956D46DE8}") = "Catalog", "Catalog", "{368D44CE-C664-4EDC-9FF5-B40F6EE6DC95}"
EndProject
Project("{2150E333-8FDC-42A3-9474-1A3956D46DE8}") = "Basket", "Basket", "{36902B19-6B9C-426B-A05F-8E3FCDB37A50}"
EndProject
Project("{2150E333-8FDC-42A3-9474-1A3956D46DE8}") = "Ordering", "Ordering", "{8C81287F-FD54-4A51-8F69-EF510D6C5196}"
EndProject
Project("{9A19103F-16F7-4668-BE54-9A1E7A4F7556}") = "Catalog", "Modules\Catalog\Catalog\Catalog.csproj", "{618BE7A5-86C0-4F9D-B719-88715403DABD}"
EndProject
Project("{9A19103F-16F7-4668-BE54-9A1E7A4F7556}") = "Basket", "Modules\Basket\Basket\Basket.csproj", "{2726338F-8154-4EB5-89C6-C05D8076DC69}"
EndProject
Project("{9A19103F-16F7-4668-BE54-9A1E7A4F7556}") = "Ordering", "Modules\Ordering\Ordering\Ordering.csproj", "{FA631E9E-B417-43D0-ACD6-0B82BC2DD38D}"
EndProject
Project("{9A19103F-16F7-4668-BE54-9A1E7A4F7556}") = "Shared", "Shared\Shared\Shared.csproj", "{FFFA3436-F90D-46B5-9EA9-BB178FBA89C9}"
EndProject
Project("{E53339B2-1760-4266-BCC7-CA923CBCF16C}") = "docker-compose", "docker-compose.dcproj", "{77F17418-6D47-4027-9142-BBB52A76E0E1}"
EndProject
Project("{9A19103F-16F7-4668-BE54-9A1E7A4F7556}") = "Catalog.Contracts", "Modules\Catalog\Catalog.Contracts\Catalog.Contracts.csproj", "{E15E0B3A-6CB7-416E-AFB0-BE101740F90D}"
EndProject
Project("{9A19103F-16F7-4668-BE54-9A1E7A4F7556}") = "Shared.Contracts", "Shared\Shared.Contracts\Shared.Contracts.csproj", "{DB85AF60-D095-4121-984C-BD6444D89E7F}"
EndProject
Project("{9A19103F-16F7-4668-BE54-9A1E7A4F7556}") = "Shared.Messaging", "Shared\Shared.Messaging\Shared.Messaging.csproj", "{E26591DE-56F6-4EE8-ABBC-E46D036CF07A}"
EndProject
Global
	GlobalSection(SolutionConfigurationPlatforms) = preSolution
		Debug|Any CPU = Debug|Any CPU
		Release|Any CPU = Release|Any CPU
	EndGlobalSection
	GlobalSection(ProjectConfigurationPlatforms) = postSolution
		{5BEA97BD-B2F3-437C-8482-92C5F27CDEA6}.Debug|Any CPU.ActiveCfg = Debug|Any CPU
		{5BEA97BD-B2F3-437C-8482-92C5F27CDEA6}.Debug|Any CPU.Build.0 = Debug|Any CPU
		{5BEA97BD-B2F3-437C-8482-92C5F27CDEA6}.Release|Any CPU.ActiveCfg = Release|Any CPU
		{5BEA97BD-B2F3-437C-8482-92C5F27CDEA6}.Release|Any CPU.Build.0 = Release|Any CPU
		{618BE7A5-86C0-4F9D-B719-88715403DABD}.Debug|Any CPU.ActiveCfg = Debug|Any CPU
		{618BE7A5-86C0-4F9D-B719-88715403DABD}.Debug|Any CPU.Build.0 = Debug|Any CPU
		{618BE7A5-86C0-4F9D-B719-88715403DABD}.Release|Any CPU.ActiveCfg = Release|Any CPU
		{618BE7A5-86C0-4F9D-B719-88715403DABD}.Release|Any CPU.Build.0 = Release|Any CPU
		{2726338F-8154-4EB5-89C6-C05D8076DC69}.Debug|Any CPU.ActiveCfg = Debug|Any CPU
		{2726338F-8154-4EB5-89C6-C05D8076DC69}.Debug|Any CPU.Build.0 = Debug|Any CPU
		{2726338F-8154-4EB5-89C6-C05D8076DC69}.Release|Any CPU.ActiveCfg = Release|Any CPU
		{2726338F-8154-4EB5-89C6-C05D8076DC69}.Release|Any CPU.Build.0 = Release|Any CPU
		{FA631E9E-B417-43D0-ACD6-0B82BC2DD38D}.Debug|Any CPU.ActiveCfg = Debug|Any CPU
		{FA631E9E-B417-43D0-ACD6-0B82BC2DD38D}.Debug|Any CPU.Build.0 = Debug|Any CPU
		{FA631E9E-B417-43D0-ACD6-0B82BC2DD38D}.Release|Any CPU.ActiveCfg = Release|Any CPU
		{FA631E9E-B417-43D0-ACD6-0B82BC2DD38D}.Release|Any CPU.Build.0 = Release|Any CPU
		{FFFA3436-F90D-46B5-9EA9-BB178FBA89C9}.Debug|Any CPU.ActiveCfg = Debug|Any CPU
		{FFFA3436-F90D-46B5-9EA9-BB178FBA89C9}.Debug|Any CPU.Build.0 = Debug|Any CPU
		{FFFA3436-F90D-46B5-9EA9-BB178FBA89C9}.Release|Any CPU.ActiveCfg = Release|Any CPU
		{FFFA3436-F90D-46B5-9EA9-BB178FBA89C9}.Release|Any CPU.Build.0 = Release|Any CPU
		{77F17418-6D47-4027-9142-BBB52A76E0E1}.Debug|Any CPU.ActiveCfg = Debug|Any CPU
		{77F17418-6D47-4027-9142-BBB52A76E0E1}.Debug|Any CPU.Build.0 = Debug|Any CPU
		{77F17418-6D47-4027-9142-BBB52A76E0E1}.Release|Any CPU.ActiveCfg = Release|Any CPU
		{77F17418-6D47-4027-9142-BBB52A76E0E1}.Release|Any CPU.Build.0 = Release|Any CPU
		{E15E0B3A-6CB7-416E-AFB0-BE101740F90D}.Debug|Any CPU.ActiveCfg = Debug|Any CPU
		{E15E0B3A-6CB7-416E-AFB0-BE101740F90D}.Debug|Any CPU.Build.0 = Debug|Any CPU
		{E15E0B3A-6CB7-416E-AFB0-BE101740F90D}.Release|Any CPU.ActiveCfg = Release|Any CPU
		{E15E0B3A-6CB7-416E-AFB0-BE101740F90D}.Release|Any CPU.Build.0 = Release|Any CPU
		{DB85AF60-D095-4121-984C-BD6444D89E7F}.Debug|Any CPU.ActiveCfg = Debug|Any CPU
		{DB85AF60-D095-4121-984C-BD6444D89E7F}.Debug|Any CPU.Build.0 = Debug|Any CPU
		{DB85AF60-D095-4121-984C-BD6444D89E7F}.Release|Any CPU.ActiveCfg = Release|Any CPU
		{DB85AF60-D095-4121-984C-BD6444D89E7F}.Release|Any CPU.Build.0 = Release|Any CPU
		{E26591DE-56F6-4EE8-ABBC-E46D036CF07A}.Debug|Any CPU.ActiveCfg = Debug|Any CPU
		{E26591DE-56F6-4EE8-ABBC-E46D036CF07A}.Debug|Any CPU.Build.0 = Debug|Any CPU
		{E26591DE-56F6-4EE8-ABBC-E46D036CF07A}.Release|Any CPU.ActiveCfg = Release|Any CPU
		{E26591DE-56F6-4EE8-ABBC-E46D036CF07A}.Release|Any CPU.Build.0 = Release|Any CPU
	EndGlobalSection
	GlobalSection(SolutionProperties) = preSolution
		HideSolutionNode = FALSE
	EndGlobalSection
	GlobalSection(NestedProjects) = preSolution
		{5BEA97BD-B2F3-437C-8482-92C5F27CDEA6} = {00D72EE9-60D3-4E8C-8D62-2903821B1B53}
		{368D44CE-C664-4EDC-9FF5-B40F6EE6DC95} = {2CDFE0CA-1E0B-4BFF-8524-ADC40BB366AC}
		{36902B19-6B9C-426B-A05F-8E3FCDB37A50} = {2CDFE0CA-1E0B-4BFF-8524-ADC40BB366AC}
		{8C81287F-FD54-4A51-8F69-EF510D6C5196} = {2CDFE0CA-1E0B-4BFF-8524-ADC40BB366AC}
		{618BE7A5-86C0-4F9D-B719-88715403DABD} = {368D44CE-C664-4EDC-9FF5-B40F6EE6DC95}
		{2726338F-8154-4EB5-89C6-C05D8076DC69} = {36902B19-6B9C-426B-A05F-8E3FCDB37A50}
		{FA631E9E-B417-43D0-ACD6-0B82BC2DD38D} = {8C81287F-FD54-4A51-8F69-EF510D6C5196}
		{FFFA3436-F90D-46B5-9EA9-BB178FBA89C9} = {0142B0CE-8551-492A-A54C-B9F3DD34B560}
		{E15E0B3A-6CB7-416E-AFB0-BE101740F90D} = {368D44CE-C664-4EDC-9FF5-B40F6EE6DC95}
		{DB85AF60-D095-4121-984C-BD6444D89E7F} = {0142B0CE-8551-492A-A54C-B9F3DD34B560}
		{E26591DE-56F6-4EE8-ABBC-E46D036CF07A} = {0142B0CE-8551-492A-A54C-B9F3DD34B560}
	EndGlobalSection
	GlobalSection(ExtensibilityGlobals) = postSolution
		SolutionGuid = {045BB980-1558-4B54-840B-0517B87F0844}
	EndGlobalSection
EndGlobal
